
Microsoft Visual Studio Solution File, Format Version 12.00
# Visual Studio Version 16
VisualStudioVersion = 16.0.30114.105
MinimumVisualStudioVersion = 10.0.40219.1
Project("{FAE04EC0-301F-11D3-BF4B-00C04F79EFBC}") = "API", "API\API.csproj", "{733A43A5-416F-47FB-BB5F-3CB972D0B064}"
EndProject
Project("{FAE04EC0-301F-11D3-BF4B-00C04F79EFBC}") = "Application", "application\Application.csproj", "{7E252460-91BF-4F24-8B5D-D2EE2A07DA32}"
EndProject
Project("{FAE04EC0-301F-11D3-BF4B-00C04F79EFBC}") = "Domain", "domain\Domain.csproj", "{C6482B0E-0D38-45D8-B57B-89FCE79C6D98}"
EndProject
Project("{FAE04EC0-301F-11D3-BF4B-00C04F79EFBC}") = "persistence", "persistence\persistence.csproj", "{F1A85A87-39CA-4A95-91C9-1BF928036324}"
EndProject
Global
	GlobalSection(SolutionConfigurationPlatforms) = preSolution
		Debug|Any CPU = Debug|Any CPU
		Debug|x64 = Debug|x64
		Debug|x86 = Debug|x86
		Release|Any CPU = Release|Any CPU
		Release|x64 = Release|x64
		Release|x86 = Release|x86
	EndGlobalSection
	GlobalSection(SolutionProperties) = preSolution
		HideSolutionNode = FALSE
	EndGlobalSection
	GlobalSection(ProjectConfigurationPlatforms) = postSolution
		{733A43A5-416F-47FB-BB5F-3CB972D0B064}.Debug|Any CPU.ActiveCfg = Debug|Any CPU
		{733A43A5-416F-47FB-BB5F-3CB972D0B064}.Debug|Any CPU.Build.0 = Debug|Any CPU
		{733A43A5-416F-47FB-BB5F-3CB972D0B064}.Debug|x64.ActiveCfg = Debug|Any CPU
		{733A43A5-416F-47FB-BB5F-3CB972D0B064}.Debug|x64.Build.0 = Debug|Any CPU
		{733A43A5-416F-47FB-BB5F-3CB972D0B064}.Debug|x86.ActiveCfg = Debug|Any CPU
		{733A43A5-416F-47FB-BB5F-3CB972D0B064}.Debug|x86.Build.0 = Debug|Any CPU
		{733A43A5-416F-47FB-BB5F-3CB972D0B064}.Release|Any CPU.ActiveCfg = Release|Any CPU
		{733A43A5-416F-47FB-BB5F-3CB972D0B064}.Release|Any CPU.Build.0 = Release|Any CPU
		{733A43A5-416F-47FB-BB5F-3CB972D0B064}.Release|x64.ActiveCfg = Release|Any CPU
		{733A43A5-416F-47FB-BB5F-3CB972D0B064}.Release|x64.Build.0 = Release|Any CPU
		{733A43A5-416F-47FB-BB5F-3CB972D0B064}.Release|x86.ActiveCfg = Release|Any CPU
		{733A43A5-416F-47FB-BB5F-3CB972D0B064}.Release|x86.Build.0 = Release|Any CPU
		{7E252460-91BF-4F24-8B5D-D2EE2A07DA32}.Debug|Any CPU.ActiveCfg = Debug|Any CPU
		{7E252460-91BF-4F24-8B5D-D2EE2A07DA32}.Debug|Any CPU.Build.0 = Debug|Any CPU
		{7E252460-91BF-4F24-8B5D-D2EE2A07DA32}.Debug|x64.ActiveCfg = Debug|Any CPU
		{7E252460-91BF-4F24-8B5D-D2EE2A07DA32}.Debug|x64.Build.0 = Debug|Any CPU
		{7E252460-91BF-4F24-8B5D-D2EE2A07DA32}.Debug|x86.ActiveCfg = Debug|Any CPU
		{7E252460-91BF-4F24-8B5D-D2EE2A07DA32}.Debug|x86.Build.0 = Debug|Any CPU
		{7E252460-91BF-4F24-8B5D-D2EE2A07DA32}.Release|Any CPU.ActiveCfg = Release|Any CPU
		{7E252460-91BF-4F24-8B5D-D2EE2A07DA32}.Release|Any CPU.Build.0 = Release|Any CPU
		{7E252460-91BF-4F24-8B5D-D2EE2A07DA32}.Release|x64.ActiveCfg = Release|Any CPU
		{7E252460-91BF-4F24-8B5D-D2EE2A07DA32}.Release|x64.Build.0 = Release|Any CPU
		{7E252460-91BF-4F24-8B5D-D2EE2A07DA32}.Release|x86.ActiveCfg = Release|Any CPU
		{7E252460-91BF-4F24-8B5D-D2EE2A07DA32}.Release|x86.Build.0 = Release|Any CPU
		{C6482B0E-0D38-45D8-B57B-89FCE79C6D98}.Debug|Any CPU.ActiveCfg = Debug|Any CPU
		{C6482B0E-0D38-45D8-B57B-89FCE79C6D98}.Debug|Any CPU.Build.0 = Debug|Any CPU
		{C6482B0E-0D38-45D8-B57B-89FCE79C6D98}.Debug|x64.ActiveCfg = Debug|Any CPU
		{C6482B0E-0D38-45D8-B57B-89FCE79C6D98}.Debug|x64.Build.0 = Debug|Any CPU
		{C6482B0E-0D38-45D8-B57B-89FCE79C6D98}.Debug|x86.ActiveCfg = Debug|Any CPU
		{C6482B0E-0D38-45D8-B57B-89FCE79C6D98}.Debug|x86.Build.0 = Debug|Any CPU
		{C6482B0E-0D38-45D8-B57B-89FCE79C6D98}.Release|Any CPU.ActiveCfg = Release|Any CPU
		{C6482B0E-0D38-45D8-B57B-89FCE79C6D98}.Release|Any CPU.Build.0 = Release|Any CPU
		{C6482B0E-0D38-45D8-B57B-89FCE79C6D98}.Release|x64.ActiveCfg = Release|Any CPU
		{C6482B0E-0D38-45D8-B57B-89FCE79C6D98}.Release|x64.Build.0 = Release|Any CPU
		{C6482B0E-0D38-45D8-B57B-89FCE79C6D98}.Release|x86.ActiveCfg = Release|Any CPU
		{C6482B0E-0D38-45D8-B57B-89FCE79C6D98}.Release|x86.Build.0 = Release|Any CPU
		{F1A85A87-39CA-4A95-91C9-1BF928036324}.Debug|Any CPU.ActiveCfg = Debug|Any CPU
		{F1A85A87-39CA-4A95-91C9-1BF928036324}.Debug|Any CPU.Build.0 = Debug|Any CPU
		{F1A85A87-39CA-4A95-91C9-1BF928036324}.Debug|x64.ActiveCfg = Debug|Any CPU
		{F1A85A87-39CA-4A95-91C9-1BF928036324}.Debug|x64.Build.0 = Debug|Any CPU
		{F1A85A87-39CA-4A95-91C9-1BF928036324}.Debug|x86.ActiveCfg = Debug|Any CPU
		{F1A85A87-39CA-4A95-91C9-1BF928036324}.Debug|x86.Build.0 = Debug|Any CPU
		{F1A85A87-39CA-4A95-91C9-1BF928036324}.Release|Any CPU.ActiveCfg = Release|Any CPU
		{F1A85A87-39CA-4A95-91C9-1BF928036324}.Release|Any CPU.Build.0 = Release|Any CPU
		{F1A85A87-39CA-4A95-91C9-1BF928036324}.Release|x64.ActiveCfg = Release|Any CPU
		{F1A85A87-39CA-4A95-91C9-1BF928036324}.Release|x64.Build.0 = Release|Any CPU
		{F1A85A87-39CA-4A95-91C9-1BF928036324}.Release|x86.ActiveCfg = Release|Any CPU
		{F1A85A87-39CA-4A95-91C9-1BF928036324}.Release|x86.Build.0 = Release|Any CPU
	EndGlobalSection
EndGlobal
